# nova-rootwrap command filters for openvz nodes
# This file should be owned by (and only-writeable by) the root user

[Filters]
# ovznovadriver/openvz/utils.py: 'mount', '-o', 'defaults' ...
mount: CommandFilter, /bin/mount, root

# ovznovadriver/openvz/utils.py: 'umount'
umount: CommandFilter, /bin/umount, root

# ovznovadriver/openvz/utils.py: 'mkdir', path
mkdir: CommandFilter, /bin/mkdir, root

# ovznovadriver/openvz/utils.py: 'chown', owner_uid, path
chown: CommandFilter, /bin/chown, root

# ovznovadriver/openvz/utils.py: 'chmod'
chmod: CommandFilter, /bin/chmod, root

# ovznovadriver/openvz/volume_drivers/iscsi.py: 'iscsiadm', '-m', ...
iscsiadm: CommandFilter, iscsiadm, root

# ovznovadriver/openvz/volume.py: fdisk %(dev_path)s
fdisk: CommandFilter, /sbin/fdisk, root

# ovznovadriver/openvz/driver.py: 'arping', '-U', floating_ip, '-A', '-I', ...
arping: CommandFilter, arping, root

# ovznovadriver/openvz/file.py: 'touch', target
touch: CommandFilter, /usr/bin/touch, root

# Rackspace Openvz starts here
# nova/compute/manager.py: 'blockdev', '--getsize64', host_device
blockdev: CommandFilter, /sbin/blockdev, root

# ovznovadriver/openvz/driver.py: '/usr/sbin/vzlist'
vzlist: CommandFilter, /usr/sbin/vzlist, root

# ovznovadriver/openvz/driver.py: '/usr/sbin/vzctl'
vzctl: CommandFilter, /usr/sbin/vzctl, root

# ovznovadriver/openvz/driver.py: '/bin/rm'
rm: CommandFilter, /bin/rm, root

# ovznovadriver/openvz/driver.py:
cpuinfo: ReadFileFilter, /proc/cpuinfo

# ovznovadriver/openvz/driver.py:
meminfo: ReadFileFilter, /proc/meminfo

# ovznovadriver/openvz/driver.py: '/usr/sbin/vzcpucheck'
vzcpucheck: CommandFilter, /usr/sbin/vzcpucheck, root

# ovznovadriver/openvz/driver.py: '/bin/rmdir'
rmdir: CommandFilter, /bin/rmdir, root

# ovznovadriver/openvz/volume_drivers/iscsi.py: '/usr/bin/iscsiadm'
iscsiadm_usrsbin: CommandFilter, /usr/bin/iscsiadm, root

# ovznovadriver/openvz/utils.py: '/sbin/blkid'
blkid: CommandFilter, /sbin/blkid, root

# ovznovadriver/openvz/network_plugins/tc.py
tc: CommandFilter, /sbin/tc, root

# ovznovadriver/openvz/volume.py
ls: CommandFilter, /bin/ls, root

# ovznovadriver/openvz/volume.py
sfdisk: CommandFilter, /sbin/sfdisk, root

# ovznovadriver/openvz/volume.py
mknod: CommandFilter, /bin/mknod, root

# ovznovadriver/openvz/driver.py
vzmigrate: CommandFilter, /usr/sbin/vzmigrate, root

# ovznovadriver/openvz/migrate.py
cp: CommandFilter, /bin/cp, root

# ovznovadriver/openvz/utils.py
tar: CommandFilter, /bin/tar, root

# ovznovadriver/openvz/migration_drivers/rsync.py
rsync: CommandFilter, /usr/bin/rsync, root
